// !$*UTF8*$!
{
	archiveVersion = 1;
	classes = {
	};
	objectVersion = 46;
	objects = {

/* Begin PBXBuildFile section */
		FE7205C71A15749500E6BA3A /* AppDelegate.m in Sources */ = {isa = PBXBuildFile; fileRef = FE7205C61A15749500E6BA3A /* AppDelegate.m */; };
		FE7205C91A15749500E6BA3A /* main.m in Sources */ = {isa = PBXBuildFile; fileRef = FE7205C81A15749500E6BA3A /* main.m */; };
		FE7205CB1A15749500E6BA3A /* Images.xcassets in Resources */ = {isa = PBXBuildFile; fileRef = FE7205CA1A15749500E6BA3A /* Images.xcassets */; };
		FE7205CE1A15749500E6BA3A /* MainMenu.xib in Resources */ = {isa = PBXBuildFile; fileRef = FE7205CC1A15749500E6BA3A /* MainMenu.xib */; };
		FE7205DA1A15749500E6BA3A /* NYZRTests.m in Sources */ = {isa = PBXBuildFile; fileRef = FE7205D91A15749500E6BA3A /* NYZRTests.m */; };
/* End PBXBuildFile section */

/* Begin PBXContainerItemProxy section */
		FE7205D41A15749500E6BA3A /* PBXContainerItemProxy */ = {
			isa = PBXContainerItemProxy;
			containerPortal = FE7205B81A15749400E6BA3A /* Project object */;
			proxyType = 1;
			remoteGlobalIDString = FE7205BF1A15749400E6BA3A;
			remoteInfo = NYZR;
		};
/* End PBXContainerItemProxy section */

/* Begin PBXFileReference section */
		FE7205C01A15749400E6BA3A /* NYZR.app */ = {isa = PBXFileReference; explicitFileType = wrapper.application; includeInIndex = 0; path = NYZR.app; sourceTree = BUILT_PRODUCTS_DIR; };
		FE7205C41A15749500E6BA3A /* Info.plist */ = {isa = PBXFileReference; lastKnownFileType = text.plist.xml; path = Info.plist; sourceTree = "<group>"; };
		FE7205C51A15749500E6BA3A /* AppDelegate.h */ = {isa = PBXFileReference; lastKnownFileType = sourcecode.c.h; path = AppDelegate.h; sourceTree = "<group>"; };
		FE7205C61A15749500E6BA3A /* AppDelegate.m */ = {isa = PBXFileReference; lastKnownFileType = sourcecode.c.objc; path = AppDelegate.m; sourceTree = "<group>"; };
		FE7205C81A15749500E6BA3A /* main.m */ = {isa = PBXFileReference; lastKnownFileType = sourcecode.c.objc; path = main.m; sourceTree = "<group>"; };
		FE7205CA1A15749500E6BA3A /* Images.xcassets */ = {isa = PBXFileReference; lastKnownFileType = folder.assetcatalog; path = Images.xcassets; sourceTree = "<group>"; };
		FE7205CD1A15749500E6BA3A /* Base */ = {isa = PBXFileReference; lastKnownFileType = file.xib; name = Base; path = Base.lproj/MainMenu.xib; sourceTree = "<group>"; };
		FE7205D31A15749500E6BA3A /* NYZRTests.xctest */ = {isa = PBXFileReference; explicitFileType = wrapper.cfbundle; includeInIndex = 0; path = NYZRTests.xctest; sourceTree = BUILT_PRODUCTS_DIR; };
		FE7205D81A15749500E6BA3A /* Info.plist */ = {isa = PBXFileReference; lastKnownFileType = text.plist.xml; path = Info.plist; sourceTree = "<group>"; };
		FE7205D91A15749500E6BA3A /* NYZRTests.m */ = {isa = PBXFileReference; lastKnownFileType = sourcecode.c.objc; path = NYZRTests.m; sourceTree = "<group>"; };
/* End PBXFileReference section */

/* Begin PBXFrameworksBuildPhase section */
		FE7205BD1A15749400E6BA3A /* Frameworks */ = {
			isa = PBXFrameworksBuildPhase;
			buildActionMask = 2147483647;
			files = (
			);
			runOnlyForDeploymentPostprocessing = 0;
		};
		FE7205D01A15749500E6BA3A /* Frameworks */ = {
			isa = PBXFrameworksBuildPhase;
			buildActionMask = 2147483647;
			files = (
			);
			runOnlyForDeploymentPostprocessing = 0;
		};
/* End PBXFrameworksBuildPhase section */

/* Begin PBXGroup section */
		FE7205B71A15749400E6BA3A = {
			isa = PBXGroup;
			children = (
				FE7205C21A15749400E6BA3A /* NYZR */,
				FE7205D61A15749500E6BA3A /* NYZRTests */,
				FE7205C11A15749400E6BA3A /* Products */,
			);
			sourceTree = "<group>";
		};
		FE7205C11A15749400E6BA3A /* Products */ = {
			isa = PBXGroup;
			children = (
				FE7205C01A15749400E6BA3A /* NYZR.app */,
				FE7205D31A15749500E6BA3A /* NYZRTests.xctest */,
			);
			name = Products;
			sourceTree = "<group>";
		};
		FE7205C21A15749400E6BA3A /* NYZR */ = {
			isa = PBXGroup;
			children = (
				FE7205C51A15749500E6BA3A /* AppDelegate.h */,
				FE7205C61A15749500E6BA3A /* AppDelegate.m */,
				FE7205CA1A15749500E6BA3A /* Images.xcassets */,
				FE7205CC1A15749500E6BA3A /* MainMenu.xib */,
				FE7205C31A15749500E6BA3A /* Supporting Files */,
			);
			path = NYZR;
			sourceTree = "<group>";
		};
		FE7205C31A15749500E6BA3A /* Supporting Files */ = {
			isa = PBXGroup;
			children = (
				FE7205C41A15749500E6BA3A /* Info.plist */,
				FE7205C81A15749500E6BA3A /* main.m */,
			);
			name = "Supporting Files";
			sourceTree = "<group>";
		};
		FE7205D61A15749500E6BA3A /* NYZRTests */ = {
			isa = PBXGroup;
			children = (
				FE7205D91A15749500E6BA3A /* NYZRTests.m */,
				FE7205D71A15749500E6BA3A /* Supporting Files */,
			);
			path = NYZRTests;
			sourceTree = "<group>";
		};
		FE7205D71A15749500E6BA3A /* Supporting Files */ = {
			isa = PBXGroup;
			children = (
				FE7205D81A15749500E6BA3A /* Info.plist */,
			);
			name = "Supporting Files";
			sourceTree = "<group>";
		};
/* End PBXGroup section */

/* Begin PBXNativeTarget section */
		FE7205BF1A15749400E6BA3A /* NYZR */ = {
			isa = PBXNativeTarget;
			buildConfigurationList = FE7205DD1A15749500E6BA3A /* Build configuration list for PBXNativeTarget "NYZR" */;
			buildPhases = (
				FE7205BC1A15749400E6BA3A /* Sources */,
				FE7205BD1A15749400E6BA3A /* Frameworks */,
				FE7205BE1A15749400E6BA3A /* Resources */,
			);
			buildRules = (
			);
			dependencies = (
			);
			name = NYZR;
			productName = NYZR;
			productReference = FE7205C01A15749400E6BA3A /* NYZR.app */;
			productType = "com.apple.product-type.application";
		};
		FE7205D21A15749500E6BA3A /* NYZRTests */ = {
			isa = PBXNativeTarget;
			buildConfigurationList = FE7205E01A15749500E6BA3A /* Build configuration list for PBXNativeTarget "NYZRTests" */;
			buildPhases = (
				FE7205CF1A15749500E6BA3A /* Sources */,
				FE7205D01A15749500E6BA3A /* Frameworks */,
				FE7205D11A15749500E6BA3A /* Resources */,
			);
			buildRules = (
			);
			dependencies = (
				FE7205D51A15749500E6BA3A /* PBXTargetDependency */,
			);
			name = NYZRTests;
			productName = NYZRTests;
			productReference = FE7205D31A15749500E6BA3A /* NYZRTests.xctest */;
			productType = "com.apple.product-type.bundle.unit-test";
		};
/* End PBXNativeTarget section */

/* Begin PBXProject section */
		FE7205B81A15749400E6BA3A /* Project object */ = {
			isa = PBXProject;
			attributes = {
				LastUpgradeCheck = 0610;
				ORGANIZATIONNAME = NYZR;
				TargetAttributes = {
					FE7205BF1A15749400E6BA3A = {
						CreatedOnToolsVersion = 6.1;
					};
					FE7205D21A15749500E6BA3A = {
						CreatedOnToolsVersion = 6.1;
						TestTargetID = FE7205BF1A15749400E6BA3A;
					};
				};
			};
			buildConfigurationList = FE7205BB1A15749400E6BA3A /* Build configuration list for PBXProject "NYZR" */;
			compatibilityVersion = "Xcode 3.2";
			developmentRegion = English;
			hasScannedForEncodings = 0;
			knownRegions = (
				en,
				Base,
			);
			mainGroup = FE7205B71A15749400E6BA3A;
			productRefGroup = FE7205C11A15749400E6BA3A /* Products */;
			projectDirPath = "";
			projectRoot = "";
			targets = (
				FE7205BF1A15749400E6BA3A /* NYZR */,
				FE7205D21A15749500E6BA3A /* NYZRTests */,
			);
		};
/* End PBXProject section */

/* Begin PBXResourcesBuildPhase section */
		FE7205BE1A15749400E6BA3A /* Resources */ = {
			isa = PBXResourcesBuildPhase;
			buildActionMask = 2147483647;
			files = (
				FE7205CB1A15749500E6BA3A /* Images.xcassets in Resources */,
				FE7205CE1A15749500E6BA3A /* MainMenu.xib in Resources */,
			);
			runOnlyForDeploymentPostprocessing = 0;
		};
		FE7205D11A15749500E6BA3A /* Resources */ = {
			isa = PBXResourcesBuildPhase;
			buildActionMask = 2147483647;
			files = (
			);
			runOnlyForDeploymentPostprocessing = 0;
		};
/* End PBXResourcesBuildPhase section */

/* Begin PBXSourcesBuildPhase section */
		FE7205BC1A15749400E6BA3A /* Sources */ = {
			isa = PBXSourcesBuildPhase;
			buildActionMask = 2147483647;
			files = (
				FE7205C91A15749500E6BA3A /* main.m in Sources */,
				FE7205C71A15749500E6BA3A /* AppDelegate.m in Sources */,
			);
			runOnlyForDeploymentPostprocessing = 0;
		};
		FE7205CF1A15749500E6BA3A /* Sources */ = {
			isa = PBXSourcesBuildPhase;
			buildActionMask = 2147483647;
			files = (
				FE7205DA1A15749500E6BA3A /* NYZRTests.m in Sources */,
			);
			runOnlyForDeploymentPostprocessing = 0;
		};
/* End PBXSourcesBuildPhase section */

/* Begin PBXTargetDependency section */
		FE7205D51A15749500E6BA3A /* PBXTargetDependency */ = {
			isa = PBXTargetDependency;
			target = FE7205BF1A15749400E6BA3A /* NYZR */;
			targetProxy = FE7205D41A15749500E6BA3A /* PBXContainerItemProxy */;
		};
/* End PBXTargetDependency section */

/* Begin PBXVariantGroup section */
		FE7205CC1A15749500E6BA3A /* MainMenu.xib */ = {
			isa = PBXVariantGroup;
			children = (
				FE7205CD1A15749500E6BA3A /* Base */,
			);
			name = MainMenu.xib;
			sourceTree = "<group>";
		};
/* End PBXVariantGroup section */

/* Begin XCBuildConfiguration section */
		FE7205DB1A15749500E6BA3A /* Debug */ = {
			isa = XCBuildConfiguration;
			buildSettings = {
				ALWAYS_SEARCH_USER_PATHS = NO;
				CLANG_CXX_LANGUAGE_STANDARD = "gnu++0x";
				CLANG_CXX_LIBRARY = "libc++";
				CLANG_ENABLE_MODULES = YES;
				CLANG_ENABLE_OBJC_ARC = YES;
				CLANG_WARN_BOOL_CONVERSION = YES;
				CLANG_WARN_CONSTANT_CONVERSION = YES;
				CLANG_WARN_DIRECT_OBJC_ISA_USAGE = YES_ERROR;
				CLANG_WARN_EMPTY_BODY = YES;
				CLANG_WARN_ENUM_CONVERSION = YES;
				CLANG_WARN_INT_CONVERSION = YES;
				CLANG_WARN_OBJC_ROOT_CLASS = YES_ERROR;
				CLANG_WARN_UNREACHABLE_CODE = YES;
				CLANG_WARN__DUPLICATE_METHOD_MATCH = YES;
				CODE_SIGN_IDENTITY = "-";
				COPY_PHASE_STRIP = NO;
				ENABLE_STRICT_OBJC_MSGSEND = YES;
				GCC_C_LANGUAGE_STANDARD = gnu99;
				GCC_DYNAMIC_NO_PIC = NO;
				GCC_OPTIMIZATION_LEVEL = 0;
				GCC_PREPROCESSOR_DEFINITIONS = (
					"DEBUG=1",
					"$(inherited)",
				);
				GCC_SYMBOLS_PRIVATE_EXTERN = NO;
				GCC_WARN_64_TO_32_BIT_CONVERSION = YES;
				GCC_WARN_ABOUT_RETURN_TYPE = YES_ERROR;
				GCC_WARN_UNDECLARED_SELECTOR = YES;
				GCC_WARN_UNINITIALIZED_AUTOS = YES_AGGRESSIVE;
				GCC_WARN_UNUSED_FUNCTION = YES;
				GCC_WARN_UNUSED_VARIABLE = YES;
				MACOSX_DEPLOYMENT_TARGET = 10.9;
				MTL_ENABLE_DEBUG_INFO = YES;
				ONLY_ACTIVE_ARCH = YES;
				SDKROOT = macosx;
			};
			name = Debug;
		};
		FE7205DC1A15749500E6BA3A /* Release */ = {
			isa = XCBuildConfiguration;
			buildSettings = {
				ALWAYS_SEARCH_USER_PATHS = NO;
				CLANG_CXX_LANGUAGE_STANDARD = "gnu++0x";
				CLANG_CXX_LIBRARY = "libc++";
				CLANG_ENABLE_MODULES = YES;
				CLANG_ENABLE_OBJC_ARC = YES;
				CLANG_WARN_BOOL_CONVERSION = YES;
				CLANG_WARN_CONSTANT_CONVERSION = YES;
				CLANG_WARN_DIRECT_OBJC_ISA_USAGE = YES_ERROR;
				CLANG_WARN_EMPTY_BODY = YES;
				CLANG_WARN_ENUM_CONVERSION = YES;
				CLANG_WARN_INT_CONVERSION = YES;
				CLANG_WARN_OBJC_ROOT_CLASS = YES_ERROR;
				CLANG_WARN_UNREACHABLE_CODE = YES;
				CLANG_WARN__DUPLICATE_METHOD_MATCH = YES;
				CODE_SIGN_IDENTITY = "-";
				COPY_PHASE_STRIP = YES;
				DEBUG_INFORMATION_FORMAT = "dwarf-with-dsym";
				ENABLE_NS_ASSERTIONS = NO;
				ENABLE_STRICT_OBJC_MSGSEND = YES;
				GCC_C_LANGUAGE_STANDARD = gnu99;
				GCC_WARN_64_TO_32_BIT_CONVERSION = YES;
				GCC_WARN_ABOUT_RETURN_TYPE = YES_ERROR;
				GCC_WARN_UNDECLARED_SELECTOR = YES;
				GCC_WARN_UNINITIALIZED_AUTOS = YES_AGGRESSIVE;
				GCC_WARN_UNUSED_FUNCTION = YES;
				GCC_WARN_UNUSED_VARIABLE = YES;
				MACOSX_DEPLOYMENT_TARGET = 10.9;
				MTL_ENABLE_DEBUG_INFO = NO;
				SDKROOT = macosx;
			};
			name = Release;
		};
		FE7205DE1A15749500E6BA3A /* Debug */ = {
			isa = XCBuildConfiguration;
			buildSettings = {
				ASSETCATALOG_COMPILER_APPICON_NAME = AppIcon;
				COMBINE_HIDPI_IMAGES = YES;
				INFOPLIST_FILE = NYZR/Info.plist;
				LD_RUNPATH_SEARCH_PATHS = "$(inherited) @executable_path/../Frameworks";
				PRODUCT_NAME = "$(TARGET_NAME)";
			};
			name = Debug;
		};
		FE7205DF1A15749500E6BA3A /* Release */ = {
			isa = XCBuildConfiguration;
			buildSettings = {
				ASSETCATALOG_COMPILER_APPICON_NAME = AppIcon;
				COMBINE_HIDPI_IMAGES = YES;
				INFOPLIST_FILE = NYZR/Info.plist;
				LD_RUNPATH_SEARCH_PATHS = "$(inherited) @executable_path/../Frameworks";
				PRODUCT_NAME = "$(TARGET_NAME)";
			};
			name = Release;
		};
		FE7205E11A15749500E6BA3A /* Debug */ = {
			isa = XCBuildConfiguration;
			buildSettings = {
				BUNDLE_LOADER = "$(TEST_HOST)";
				COMBINE_HIDPI_IMAGES = YES;
				FRAMEWORK_SEARCH_PATHS = (
					"$(DEVELOPER_FRAMEWORKS_DIR)",
					"$(inherited)",
				);
				GCC_PREPROCESSOR_DEFINITIONS = (
					"DEBUG=1",
					"$(inherited)",
				);
				INFOPLIST_FILE = NYZRTests/Info.plist;
				LD_RUNPATH_SEARCH_PATHS = "$(inherited) @executable_path/../Frameworks @loader_path/../Frameworks";
				PRODUCT_NAME = "$(TARGET_NAME)";
				TEST_HOST = "$(BUILT_PRODUCTS_DIR)/NYZR.app/Contents/MacOS/NYZR";
			};
			name = Debug;
		};
		FE7205E21A15749500E6BA3A /* Release */ = {
			isa = XCBuildConfiguration;
			buildSettings = {
				BUNDLE_LOADER = "$(TEST_HOST)";
				COMBINE_HIDPI_IMAGES = YES;
				FRAMEWORK_SEARCH_PATHS = (
					"$(DEVELOPER_FRAMEWORKS_DIR)",
					"$(inherited)",
				);
				INFOPLIST_FILE = NYZRTests/Info.plist;
				LD_RUNPATH_SEARCH_PATHS = "$(inherited) @executable_path/../Frameworks @loader_path/../Frameworks";
				PRODUCT_NAME = "$(TARGET_NAME)";
				TEST_HOST = "$(BUILT_PRODUCTS_DIR)/NYZR.app/Contents/MacOS/NYZR";
			};
			name = Release;
		};
/* End XCBuildConfiguration section */

/* Begin XCConfigurationList section */
		FE7205BB1A15749400E6BA3A /* Build configuration list for PBXProject "NYZR" */ = {
			isa = XCConfigurationList;
			buildConfigurations = (
				FE7205DB1A15749500E6BA3A /* Debug */,
				FE7205DC1A15749500E6BA3A /* Release */,
			);
			defaultConfigurationIsVisible = 0;
			defaultConfigurationName = Release;
		};
		FE7205DD1A15749500E6BA3A /* Build configuration list for PBXNativeTarget "NYZR" */ = {
			isa = XCConfigurationList;
			buildConfigurations = (
				FE7205DE1A15749500E6BA3A /* Debug */,
				FE7205DF1A15749500E6BA3A /* Release */,
			);
			defaultConfigurationIsVisible = 0;
		};
		FE7205E01A15749500E6BA3A /* Build configuration list for PBXNativeTarget "NYZRTests" */ = {
			isa = XCConfigurationList;
			buildConfigurations = (
				FE7205E11A15749500E6BA3A /* Debug */,
				FE7205E21A15749500E6BA3A /* Release */,
			);
			defaultConfigurationIsVisible = 0;
		};
/* End XCConfigurationList section */
	};
	rootObject = FE7205B81A15749400E6BA3A /* Project object */;
}
