<?xml version="1.0" encoding="UTF-8"?>
<!DOCTYPE plist PUBLIC "-//Apple//DTD PLIST 1.0//EN" "http://www.apple.com/DTDs/PropertyList-1.0.dtd">
<plist version="1.0">
<dict>
	<key>archiveVersion</key>
	<string>1</string>
	<key>classes</key>
	<dict/>
	<key>objectVersion</key>
	<string>46</string>
	<key>objects</key>
	<dict>
		<key>2FE648BA200E33C5567F6EA1</key>
		<dict>
			<key>explicitFileType</key>
			<string>archive.ar</string>
			<key>includeInIndex</key>
			<string>0</string>
			<key>isa</key>
			<string>PBXFileReference</string>
			<key>path</key>
			<string>libPods.a</string>
			<key>sourceTree</key>
			<string>BUILT_PRODUCTS_DIR</string>
		</dict>
		<key>303F9B25872A836AD77F22B5</key>
		<dict>
			<key>fileRef</key>
			<string>2FE648BA200E33C5567F6EA1</string>
			<key>isa</key>
			<string>PBXBuildFile</string>
		</dict>
		<key>34E4F42F5A03A40E20F77F25</key>
		<dict>
			<key>includeInIndex</key>
			<string>1</string>
			<key>isa</key>
			<string>PBXFileReference</string>
			<key>lastKnownFileType</key>
			<string>text.xcconfig</string>
			<key>name</key>
			<string>Pods.release.xcconfig</string>
			<key>path</key>
			<string>Pods/Target Support Files/Pods/Pods.release.xcconfig</string>
			<key>sourceTree</key>
			<string>&lt;group&gt;</string>
		</dict>
		<key>6BFE2930530BCB4772532AC1</key>
		<dict>
			<key>buildActionMask</key>
			<string>2147483647</string>
			<key>files</key>
			<array/>
			<key>inputPaths</key>
			<array/>
			<key>isa</key>
			<string>PBXShellScriptBuildPhase</string>
			<key>name</key>
			<string>Copy Pods Resources</string>
			<key>outputPaths</key>
			<array/>
			<key>runOnlyForDeploymentPostprocessing</key>
			<string>0</string>
			<key>shellPath</key>
			<string>/bin/sh</string>
			<key>shellScript</key>
			<string>"${SRCROOT}/Pods/Target Support Files/Pods/Pods-resources.sh"
</string>
			<key>showEnvVarsInLog</key>
			<string>0</string>
		</dict>
		<key>73811698929DA396C93924B9</key>
		<dict>
			<key>buildActionMask</key>
			<string>2147483647</string>
			<key>files</key>
			<array/>
			<key>inputPaths</key>
			<array/>
			<key>isa</key>
			<string>PBXShellScriptBuildPhase</string>
			<key>name</key>
			<string>Check Pods Manifest.lock</string>
			<key>outputPaths</key>
			<array/>
			<key>runOnlyForDeploymentPostprocessing</key>
			<string>0</string>
			<key>shellPath</key>
			<string>/bin/sh</string>
			<key>shellScript</key>
			<string>diff "${PODS_ROOT}/../Podfile.lock" "${PODS_ROOT}/Manifest.lock" &gt; /dev/null
if [[ $? != 0 ]] ; then
    cat &lt;&lt; EOM
error: The sandbox is not in sync with the Podfile.lock. Run 'pod install' or update your CocoaPods installation.
EOM
    exit 1
fi
</string>
			<key>showEnvVarsInLog</key>
			<string>0</string>
		</dict>
		<key>970151C5E914024025A3982A</key>
		<dict>
			<key>includeInIndex</key>
			<string>1</string>
			<key>isa</key>
			<string>PBXFileReference</string>
			<key>lastKnownFileType</key>
			<string>text.xcconfig</string>
			<key>name</key>
			<string>Pods.debug.xcconfig</string>
			<key>path</key>
			<string>Pods/Target Support Files/Pods/Pods.debug.xcconfig</string>
			<key>sourceTree</key>
			<string>&lt;group&gt;</string>
		</dict>
		<key>A47E3CC8DD8F5CEC48CD0797</key>
		<dict>
			<key>children</key>
			<array>
				<string>970151C5E914024025A3982A</string>
				<string>34E4F42F5A03A40E20F77F25</string>
			</array>
			<key>isa</key>
			<string>PBXGroup</string>
			<key>name</key>
			<string>Pods</string>
			<key>sourceTree</key>
			<string>&lt;group&gt;</string>
		</dict>
		<key>FA48B5201A15C011008664E2</key>
		<dict>
			<key>children</key>
			<array>
				<string>FA48B5211A15C02C008664E2</string>
				<string>FA48B5221A15C02C008664E2</string>
				<string>FA48B5231A15C02C008664E2</string>
				<string>FA48B5241A15C02C008664E2</string>
				<string>FA48B5271A15C02C008664E2</string>
				<string>FA48B5281A15C02C008664E2</string>
			</array>
			<key>isa</key>
			<string>PBXGroup</string>
			<key>name</key>
			<string>Rules</string>
			<key>sourceTree</key>
			<string>&lt;group&gt;</string>
		</dict>
		<key>FA48B5211A15C02C008664E2</key>
		<dict>
			<key>fileEncoding</key>
			<string>4</string>
			<key>isa</key>
			<string>PBXFileReference</string>
			<key>lastKnownFileType</key>
			<string>sourcecode.c.h</string>
			<key>path</key>
			<string>ExtensionMatcherRule.h</string>
			<key>sourceTree</key>
			<string>&lt;group&gt;</string>
		</dict>
		<key>FA48B5221A15C02C008664E2</key>
		<dict>
			<key>fileEncoding</key>
			<string>4</string>
			<key>isa</key>
			<string>PBXFileReference</string>
			<key>lastKnownFileType</key>
			<string>sourcecode.c.objc</string>
			<key>path</key>
			<string>ExtensionMatcherRule.m</string>
			<key>sourceTree</key>
			<string>&lt;group&gt;</string>
		</dict>
		<key>FA48B5231A15C02C008664E2</key>
		<dict>
			<key>fileEncoding</key>
			<string>4</string>
			<key>isa</key>
			<string>PBXFileReference</string>
			<key>lastKnownFileType</key>
			<string>sourcecode.c.h</string>
			<key>path</key>
			<string>Rule.h</string>
			<key>sourceTree</key>
			<string>&lt;group&gt;</string>
		</dict>
		<key>FA48B5241A15C02C008664E2</key>
		<dict>
			<key>fileEncoding</key>
			<string>4</string>
			<key>isa</key>
			<string>PBXFileReference</string>
			<key>lastKnownFileType</key>
			<string>sourcecode.c.objc</string>
			<key>path</key>
			<string>Rule.m</string>
			<key>sourceTree</key>
			<string>&lt;group&gt;</string>
		</dict>
		<key>FA48B5251A15C02C008664E2</key>
		<dict>
			<key>fileEncoding</key>
			<string>4</string>
			<key>isa</key>
			<string>PBXFileReference</string>
			<key>lastKnownFileType</key>
			<string>sourcecode.c.h</string>
			<key>path</key>
			<string>RuleMatcher.h</string>
			<key>sourceTree</key>
			<string>&lt;group&gt;</string>
		</dict>
		<key>FA48B5261A15C02C008664E2</key>
		<dict>
			<key>fileEncoding</key>
			<string>4</string>
			<key>isa</key>
			<string>PBXFileReference</string>
			<key>lastKnownFileType</key>
			<string>sourcecode.c.objc</string>
			<key>path</key>
			<string>RuleMatcher.m</string>
			<key>sourceTree</key>
			<string>&lt;group&gt;</string>
		</dict>
		<key>FA48B5271A15C02C008664E2</key>
		<dict>
			<key>fileEncoding</key>
			<string>4</string>
			<key>isa</key>
			<string>PBXFileReference</string>
			<key>lastKnownFileType</key>
			<string>sourcecode.c.h</string>
			<key>path</key>
			<string>TLDMatcherRule.h</string>
			<key>sourceTree</key>
			<string>&lt;group&gt;</string>
		</dict>
		<key>FA48B5281A15C02C008664E2</key>
		<dict>
			<key>fileEncoding</key>
			<string>4</string>
			<key>isa</key>
			<string>PBXFileReference</string>
			<key>lastKnownFileType</key>
			<string>sourcecode.c.objc</string>
			<key>path</key>
			<string>TLDMatcherRule.m</string>
			<key>sourceTree</key>
			<string>&lt;group&gt;</string>
		</dict>
		<key>FA48B5291A15C02C008664E2</key>
		<dict>
			<key>fileRef</key>
			<string>FA48B5221A15C02C008664E2</string>
			<key>isa</key>
			<string>PBXBuildFile</string>
		</dict>
		<key>FA48B52A1A15C02C008664E2</key>
		<dict>
			<key>fileRef</key>
			<string>FA48B5241A15C02C008664E2</string>
			<key>isa</key>
			<string>PBXBuildFile</string>
		</dict>
		<key>FA48B52B1A15C02C008664E2</key>
		<dict>
			<key>fileRef</key>
			<string>FA48B5261A15C02C008664E2</string>
			<key>isa</key>
			<string>PBXBuildFile</string>
		</dict>
		<key>FA48B52C1A15C02C008664E2</key>
		<dict>
			<key>fileRef</key>
			<string>FA48B5281A15C02C008664E2</string>
			<key>isa</key>
			<string>PBXBuildFile</string>
		</dict>
		<key>FA48B52D1A15C030008664E2</key>
		<dict>
			<key>children</key>
			<array>
				<string>FA48B5201A15C011008664E2</string>
				<string>FA48B5251A15C02C008664E2</string>
				<string>FA48B5261A15C02C008664E2</string>
			</array>
			<key>isa</key>
			<string>PBXGroup</string>
			<key>name</key>
			<string>RuleMatcher</string>
			<key>sourceTree</key>
			<string>&lt;group&gt;</string>
		</dict>
		<key>FE333FE51A158FDD00C5828A</key>
		<dict>
			<key>fileEncoding</key>
			<string>4</string>
			<key>isa</key>
			<string>PBXFileReference</string>
			<key>lastKnownFileType</key>
			<string>sourcecode.c.h</string>
			<key>path</key>
			<string>BackgroundView.h</string>
			<key>sourceTree</key>
			<string>&lt;group&gt;</string>
		</dict>
		<key>FE333FE61A158FDD00C5828A</key>
		<dict>
			<key>fileEncoding</key>
			<string>4</string>
			<key>isa</key>
			<string>PBXFileReference</string>
			<key>lastKnownFileType</key>
			<string>sourcecode.c.objc</string>
			<key>path</key>
			<string>BackgroundView.m</string>
			<key>sourceTree</key>
			<string>&lt;group&gt;</string>
		</dict>
		<key>FE333FE71A158FDD00C5828A</key>
		<dict>
			<key>fileEncoding</key>
			<string>4</string>
			<key>isa</key>
			<string>PBXFileReference</string>
			<key>lastKnownFileType</key>
			<string>sourcecode.c.h</string>
			<key>path</key>
			<string>MenubarController.h</string>
			<key>sourceTree</key>
			<string>&lt;group&gt;</string>
		</dict>
		<key>FE333FE81A158FDD00C5828A</key>
		<dict>
			<key>fileEncoding</key>
			<string>4</string>
			<key>isa</key>
			<string>PBXFileReference</string>
			<key>lastKnownFileType</key>
			<string>sourcecode.c.objc</string>
			<key>path</key>
			<string>MenubarController.m</string>
			<key>sourceTree</key>
			<string>&lt;group&gt;</string>
		</dict>
		<key>FE333FE91A158FDD00C5828A</key>
		<dict>
			<key>fileEncoding</key>
			<string>4</string>
			<key>isa</key>
			<string>PBXFileReference</string>
			<key>lastKnownFileType</key>
			<string>sourcecode.c.h</string>
			<key>path</key>
			<string>Panel.h</string>
			<key>sourceTree</key>
			<string>&lt;group&gt;</string>
		</dict>
		<key>FE333FEA1A158FDD00C5828A</key>
		<dict>
			<key>fileEncoding</key>
			<string>4</string>
			<key>isa</key>
			<string>PBXFileReference</string>
			<key>lastKnownFileType</key>
			<string>sourcecode.c.objc</string>
			<key>path</key>
			<string>Panel.m</string>
			<key>sourceTree</key>
			<string>&lt;group&gt;</string>
		</dict>
		<key>FE333FEB1A158FDD00C5828A</key>
		<dict>
			<key>fileEncoding</key>
			<string>4</string>
			<key>isa</key>
			<string>PBXFileReference</string>
			<key>lastKnownFileType</key>
			<string>file.xib</string>
			<key>path</key>
			<string>Panel.xib</string>
			<key>sourceTree</key>
			<string>&lt;group&gt;</string>
		</dict>
		<key>FE333FEC1A158FDD00C5828A</key>
		<dict>
			<key>fileEncoding</key>
			<string>4</string>
			<key>isa</key>
			<string>PBXFileReference</string>
			<key>lastKnownFileType</key>
			<string>sourcecode.c.h</string>
			<key>path</key>
			<string>PanelController.h</string>
			<key>sourceTree</key>
			<string>&lt;group&gt;</string>
		</dict>
		<key>FE333FED1A158FDD00C5828A</key>
		<dict>
			<key>fileEncoding</key>
			<string>4</string>
			<key>isa</key>
			<string>PBXFileReference</string>
			<key>lastKnownFileType</key>
			<string>sourcecode.c.objc</string>
			<key>path</key>
			<string>PanelController.m</string>
			<key>sourceTree</key>
			<string>&lt;group&gt;</string>
		</dict>
		<key>FE333FF21A158FDD00C5828A</key>
		<dict>
			<key>fileEncoding</key>
			<string>4</string>
			<key>isa</key>
			<string>PBXFileReference</string>
			<key>lastKnownFileType</key>
			<string>sourcecode.c.h</string>
			<key>path</key>
			<string>StatusItemView.h</string>
			<key>sourceTree</key>
			<string>&lt;group&gt;</string>
		</dict>
		<key>FE333FF31A158FDD00C5828A</key>
		<dict>
			<key>fileEncoding</key>
			<string>4</string>
			<key>isa</key>
			<string>PBXFileReference</string>
			<key>lastKnownFileType</key>
			<string>sourcecode.c.objc</string>
			<key>path</key>
			<string>StatusItemView.m</string>
			<key>sourceTree</key>
			<string>&lt;group&gt;</string>
		</dict>
		<key>FE333FF41A158FDD00C5828A</key>
		<dict>
			<key>fileRef</key>
			<string>FE333FE61A158FDD00C5828A</string>
			<key>isa</key>
			<string>PBXBuildFile</string>
		</dict>
		<key>FE333FF51A158FDD00C5828A</key>
		<dict>
			<key>fileRef</key>
			<string>FE333FE81A158FDD00C5828A</string>
			<key>isa</key>
			<string>PBXBuildFile</string>
		</dict>
		<key>FE333FF61A158FDD00C5828A</key>
		<dict>
			<key>fileRef</key>
			<string>FE333FEA1A158FDD00C5828A</string>
			<key>isa</key>
			<string>PBXBuildFile</string>
		</dict>
		<key>FE333FF71A158FDD00C5828A</key>
		<dict>
			<key>fileRef</key>
			<string>FE333FEB1A158FDD00C5828A</string>
			<key>isa</key>
			<string>PBXBuildFile</string>
		</dict>
		<key>FE333FF81A158FDD00C5828A</key>
		<dict>
			<key>fileRef</key>
			<string>FE333FED1A158FDD00C5828A</string>
			<key>isa</key>
			<string>PBXBuildFile</string>
		</dict>
		<key>FE333FFD1A158FDD00C5828A</key>
		<dict>
			<key>fileRef</key>
			<string>FE333FF31A158FDD00C5828A</string>
			<key>isa</key>
			<string>PBXBuildFile</string>
		</dict>
		<key>FE333FFE1A15912F00C5828A</key>
		<dict>
			<key>isa</key>
			<string>PBXFileReference</string>
			<key>lastKnownFileType</key>
			<string>image.png</string>
			<key>path</key>
			<string>paper18.png</string>
			<key>sourceTree</key>
			<string>&lt;group&gt;</string>
		</dict>
		<key>FE333FFF1A15912F00C5828A</key>
		<dict>
			<key>fileRef</key>
			<string>FE333FFE1A15912F00C5828A</string>
			<key>isa</key>
			<string>PBXBuildFile</string>
		</dict>
		<key>FE3340001A15932800C5828A</key>
		<dict>
			<key>children</key>
			<array>
				<string>FE333FFE1A15912F00C5828A</string>
			</array>
			<key>isa</key>
			<string>PBXGroup</string>
			<key>name</key>
			<string>Graphics</string>
			<key>sourceTree</key>
			<string>&lt;group&gt;</string>
		</dict>
		<key>FE3340011A15933500C5828A</key>
		<dict>
			<key>children</key>
			<array>
				<string>FEADE72F1A158F6400CCB005</string>
				<string>FEADE7301A158F6400CCB005</string>
				<string>FE333FE71A158FDD00C5828A</string>
				<string>FE333FE81A158FDD00C5828A</string>
				<string>FE333FEC1A158FDD00C5828A</string>
				<string>FE333FED1A158FDD00C5828A</string>
				<string>FE3340041A1593B300C5828A</string>
				<string>FE3340051A1593B300C5828A</string>
			</array>
			<key>isa</key>
			<string>PBXGroup</string>
			<key>name</key>
			<string>controller</string>
			<key>sourceTree</key>
			<string>&lt;group&gt;</string>
		</dict>
		<key>FE3340021A15934200C5828A</key>
		<dict>
			<key>children</key>
			<array>
				<string>FE333FE51A158FDD00C5828A</string>
				<string>FE333FE61A158FDD00C5828A</string>
				<string>FE333FE91A158FDD00C5828A</string>
				<string>FE333FEA1A158FDD00C5828A</string>
				<string>FE333FF21A158FDD00C5828A</string>
				<string>FE333FF31A158FDD00C5828A</string>
			</array>
			<key>isa</key>
			<string>PBXGroup</string>
			<key>name</key>
			<string>views</string>
			<key>sourceTree</key>
			<string>&lt;group&gt;</string>
		</dict>
		<key>FE3340031A15934900C5828A</key>
		<dict>
			<key>children</key>
			<array>
				<string>FEADE7321A158F6500CCB005</string>
				<string>FE333FEB1A158FDD00C5828A</string>
			</array>
			<key>isa</key>
			<string>PBXGroup</string>
			<key>name</key>
			<string>xib</string>
			<key>sourceTree</key>
			<string>&lt;group&gt;</string>
		</dict>
		<key>FE3340041A1593B300C5828A</key>
		<dict>
			<key>fileEncoding</key>
			<string>4</string>
			<key>isa</key>
			<string>PBXFileReference</string>
			<key>lastKnownFileType</key>
			<string>sourcecode.c.h</string>
			<key>path</key>
			<string>NRDirectoryMonitor.h</string>
			<key>sourceTree</key>
			<string>&lt;group&gt;</string>
		</dict>
		<key>FE3340051A1593B300C5828A</key>
		<dict>
			<key>fileEncoding</key>
			<string>4</string>
			<key>isa</key>
			<string>PBXFileReference</string>
			<key>lastKnownFileType</key>
			<string>sourcecode.c.objc</string>
			<key>path</key>
			<string>NRDirectoryMonitor.m</string>
			<key>sourceTree</key>
			<string>&lt;group&gt;</string>
		</dict>
		<key>FE3340061A1593B300C5828A</key>
		<dict>
			<key>fileRef</key>
			<string>FE3340051A1593B300C5828A</string>
			<key>isa</key>
			<string>PBXBuildFile</string>
		</dict>
		<key>FE3340071A15A11700C5828A</key>
		<dict>
			<key>isa</key>
			<string>PBXFileReference</string>
			<key>lastKnownFileType</key>
			<string>wrapper.framework</string>
			<key>name</key>
			<string>CoreFoundation.framework</string>
			<key>path</key>
			<string>System/Library/Frameworks/CoreFoundation.framework</string>
			<key>sourceTree</key>
			<string>SDKROOT</string>
		</dict>
		<key>FE3340081A15A11700C5828A</key>
		<dict>
			<key>fileRef</key>
			<string>FE3340071A15A11700C5828A</string>
			<key>isa</key>
			<string>PBXBuildFile</string>
		</dict>
		<key>FE33401B1A15AA0600C5828A</key>
		<dict>
			<key>isa</key>
			<string>PBXFileReference</string>
			<key>lastKnownFileType</key>
			<string>wrapper.framework</string>
			<key>path</key>
			<string>CDEvents.framework</string>
			<key>sourceTree</key>
			<string>&lt;group&gt;</string>
		</dict>
		<key>FE33401C1A15AA0600C5828A</key>
		<dict>
			<key>fileRef</key>
			<string>FE33401B1A15AA0600C5828A</string>
			<key>isa</key>
			<string>PBXBuildFile</string>
		</dict>
		<key>FE33401D1A15AA6C00C5828A</key>
		<dict>
			<key>buildActionMask</key>
			<string>12</string>
			<key>dstPath</key>
			<string></string>
			<key>dstSubfolderSpec</key>
			<string>10</string>
			<key>files</key>
			<array>
				<string>FE33401E1A15AA7900C5828A</string>
			</array>
			<key>isa</key>
			<string>PBXCopyFilesBuildPhase</string>
			<key>runOnlyForDeploymentPostprocessing</key>
			<string>0</string>
		</dict>
		<key>FE33401E1A15AA7900C5828A</key>
		<dict>
			<key>fileRef</key>
			<string>FE33401B1A15AA0600C5828A</string>
			<key>isa</key>
			<string>PBXBuildFile</string>
		</dict>
		<key>FE33401F1A15AFE400C5828A</key>
		<dict>
			<key>fileEncoding</key>
			<string>4</string>
			<key>isa</key>
			<string>PBXFileReference</string>
			<key>lastKnownFileType</key>
			<string>sourcecode.c.h</string>
			<key>path</key>
			<string>NRFile.h</string>
			<key>sourceTree</key>
			<string>&lt;group&gt;</string>
		</dict>
		<key>FE3340201A15AFE400C5828A</key>
		<dict>
			<key>fileEncoding</key>
			<string>4</string>
			<key>isa</key>
			<string>PBXFileReference</string>
			<key>lastKnownFileType</key>
			<string>sourcecode.c.objc</string>
			<key>path</key>
			<string>NRFile.m</string>
			<key>sourceTree</key>
			<string>&lt;group&gt;</string>
		</dict>
		<key>FE3340211A15AFE400C5828A</key>
		<dict>
			<key>fileRef</key>
			<string>FE3340201A15AFE400C5828A</string>
			<key>isa</key>
			<string>PBXBuildFile</string>
		</dict>
		<key>FE3340251A15B86500C5828A</key>
		<dict>
			<key>fileEncoding</key>
			<string>4</string>
			<key>isa</key>
			<string>PBXFileReference</string>
			<key>lastKnownFileType</key>
			<string>sourcecode.c.h</string>
			<key>path</key>
			<string>FileHash.h</string>
			<key>sourceTree</key>
			<string>&lt;group&gt;</string>
		</dict>
		<key>FE3340261A15B86500C5828A</key>
		<dict>
			<key>fileEncoding</key>
			<string>4</string>
			<key>isa</key>
			<string>PBXFileReference</string>
			<key>lastKnownFileType</key>
			<string>sourcecode.c.objc</string>
			<key>path</key>
			<string>FileHash.m</string>
			<key>sourceTree</key>
			<string>&lt;group&gt;</string>
		</dict>
		<key>FE3340271A15B86500C5828A</key>
		<dict>
			<key>fileRef</key>
			<string>FE3340261A15B86500C5828A</string>
			<key>isa</key>
			<string>PBXBuildFile</string>
		</dict>
		<key>FE433E901A15DBC30003476A</key>
		<dict>
			<key>fileEncoding</key>
			<string>4</string>
			<key>isa</key>
			<string>PBXFileReference</string>
			<key>lastKnownFileType</key>
			<string>sourcecode.c.h</string>
			<key>path</key>
			<string>NRDirectory.h</string>
			<key>sourceTree</key>
			<string>&lt;group&gt;</string>
		</dict>
		<key>FE433E911A15DBC30003476A</key>
		<dict>
			<key>fileEncoding</key>
			<string>4</string>
			<key>isa</key>
			<string>PBXFileReference</string>
			<key>lastKnownFileType</key>
			<string>sourcecode.c.objc</string>
			<key>path</key>
			<string>NRDirectory.m</string>
			<key>sourceTree</key>
			<string>&lt;group&gt;</string>
		</dict>
		<key>FE433E921A15DBC30003476A</key>
		<dict>
			<key>fileRef</key>
			<string>FE433E911A15DBC30003476A</string>
			<key>isa</key>
			<string>PBXBuildFile</string>
		</dict>
		<key>FEADE7111A158F6400CCB005</key>
		<dict>
			<key>children</key>
			<array>
				<string>FEADE7231A158F6400CCB005</string>
				<string>FEADE7411A158F6500CCB005</string>
				<string>FEADE71C1A158F6400CCB005</string>
				<string>FEADE71B1A158F6400CCB005</string>
				<string>A47E3CC8DD8F5CEC48CD0797</string>
			</array>
			<key>isa</key>
			<string>PBXGroup</string>
			<key>sourceTree</key>
			<string>&lt;group&gt;</string>
		</dict>
		<key>FEADE7121A158F6400CCB005</key>
		<dict>
			<key>attributes</key>
			<dict>
				<key>CLASSPREFIX</key>
				<string>NR</string>
				<key>LastUpgradeCheck</key>
				<string>0510</string>
				<key>ORGANIZATIONNAME</key>
				<string>NYZR</string>
				<key>TargetAttributes</key>
				<dict>
					<key>FEADE73A1A158F6500CCB005</key>
					<dict>
						<key>TestTargetID</key>
						<string>FEADE7191A158F6400CCB005</string>
					</dict>
				</dict>
			</dict>
			<key>buildConfigurationList</key>
			<string>FEADE7151A158F6400CCB005</string>
			<key>compatibilityVersion</key>
			<string>Xcode 3.2</string>
			<key>developmentRegion</key>
			<string>English</string>
			<key>hasScannedForEncodings</key>
			<string>0</string>
			<key>isa</key>
			<string>PBXProject</string>
			<key>knownRegions</key>
			<array>
				<string>en</string>
				<string>Base</string>
			</array>
			<key>mainGroup</key>
			<string>FEADE7111A158F6400CCB005</string>
			<key>productRefGroup</key>
			<string>FEADE71B1A158F6400CCB005</string>
			<key>projectDirPath</key>
			<string></string>
			<key>projectReferences</key>
			<array/>
			<key>projectRoot</key>
			<string></string>
			<key>targets</key>
			<array>
				<string>FEADE7191A158F6400CCB005</string>
				<string>FEADE73A1A158F6500CCB005</string>
			</array>
		</dict>
		<key>FEADE7151A158F6400CCB005</key>
		<dict>
			<key>buildConfigurations</key>
			<array>
				<string>FEADE7491A158F6500CCB005</string>
				<string>FEADE74A1A158F6500CCB005</string>
			</array>
			<key>defaultConfigurationIsVisible</key>
			<string>0</string>
			<key>defaultConfigurationName</key>
			<string>Release</string>
			<key>isa</key>
			<string>XCConfigurationList</string>
		</dict>
		<key>FEADE7161A158F6400CCB005</key>
		<dict>
			<key>buildActionMask</key>
			<string>2147483647</string>
			<key>files</key>
			<array>
				<string>FE333FF61A158FDD00C5828A</string>
				<string>FE333FF51A158FDD00C5828A</string>
				<string>FA48B52B1A15C02C008664E2</string>
				<string>FE333FF81A158FDD00C5828A</string>
				<string>FE3340211A15AFE400C5828A</string>
				<string>FEB517F91A15DD9C00E5120E</string>
				<string>FA48B5291A15C02C008664E2</string>
				<string>FA48B52A1A15C02C008664E2</string>
				<string>FE333FFD1A158FDD00C5828A</string>
				<string>FE3340271A15B86500C5828A</string>
				<string>FE433E921A15DBC30003476A</string>
				<string>FE3340061A1593B300C5828A</string>
				<string>FEADE7311A158F6400CCB005</string>
				<string>FA48B52C1A15C02C008664E2</string>
				<string>FEADE72A1A158F6400CCB005</string>
				<string>FE333FF41A158FDD00C5828A</string>
			</array>
			<key>isa</key>
			<string>PBXSourcesBuildPhase</string>
			<key>runOnlyForDeploymentPostprocessing</key>
			<string>0</string>
		</dict>
		<key>FEADE7171A158F6400CCB005</key>
		<dict>
			<key>buildActionMask</key>
			<string>2147483647</string>
			<key>files</key>
			<array>
				<string>FE33401C1A15AA0600C5828A</string>
				<string>FE3340081A15A11700C5828A</string>
				<string>FEADE71E1A158F6400CCB005</string>
				<string>303F9B25872A836AD77F22B5</string>
			</array>
			<key>isa</key>
			<string>PBXFrameworksBuildPhase</string>
			<key>runOnlyForDeploymentPostprocessing</key>
			<string>0</string>
		</dict>
		<key>FEADE7181A158F6400CCB005</key>
		<dict>
			<key>buildActionMask</key>
			<string>2147483647</string>
			<key>files</key>
			<array>
				<string>FEADE7281A158F6400CCB005</string>
				<string>FE333FF71A158FDD00C5828A</string>
				<string>FEADE7361A158F6500CCB005</string>
				<string>FE333FFF1A15912F00C5828A</string>
				<string>FEADE72E1A158F6400CCB005</string>
				<string>FEADE7341A158F6500CCB005</string>
			</array>
			<key>isa</key>
			<string>PBXResourcesBuildPhase</string>
			<key>runOnlyForDeploymentPostprocessing</key>
			<string>0</string>
		</dict>
		<key>FEADE7191A158F6400CCB005</key>
		<dict>
			<key>buildConfigurationList</key>
			<string>FEADE74B1A158F6500CCB005</string>
			<key>buildPhases</key>
			<array>
				<string>73811698929DA396C93924B9</string>
				<string>FEADE7161A158F6400CCB005</string>
				<string>FEADE7171A158F6400CCB005</string>
				<string>FEADE7181A158F6400CCB005</string>
				<string>FE33401D1A15AA6C00C5828A</string>
				<string>6BFE2930530BCB4772532AC1</string>
			</array>
			<key>buildRules</key>
			<array/>
			<key>dependencies</key>
			<array/>
			<key>isa</key>
			<string>PBXNativeTarget</string>
			<key>name</key>
			<string>nyzr</string>
			<key>productName</key>
			<string>nyzr</string>
			<key>productReference</key>
			<string>FEADE71A1A158F6400CCB005</string>
			<key>productType</key>
			<string>com.apple.product-type.application</string>
		</dict>
		<key>FEADE71A1A158F6400CCB005</key>
		<dict>
			<key>explicitFileType</key>
			<string>wrapper.application</string>
			<key>includeInIndex</key>
			<string>0</string>
			<key>isa</key>
			<string>PBXFileReference</string>
			<key>path</key>
			<string>nyzr.app</string>
			<key>sourceTree</key>
			<string>BUILT_PRODUCTS_DIR</string>
		</dict>
		<key>FEADE71B1A158F6400CCB005</key>
		<dict>
			<key>children</key>
			<array>
				<string>FEADE71A1A158F6400CCB005</string>
				<string>FEADE73B1A158F6500CCB005</string>
			</array>
			<key>isa</key>
			<string>PBXGroup</string>
			<key>name</key>
			<string>Products</string>
			<key>sourceTree</key>
			<string>&lt;group&gt;</string>
		</dict>
		<key>FEADE71C1A158F6400CCB005</key>
		<dict>
			<key>children</key>
			<array>
				<string>FE33401B1A15AA0600C5828A</string>
				<string>FE3340071A15A11700C5828A</string>
				<string>FEADE71D1A158F6400CCB005</string>
				<string>FEADE73C1A158F6500CCB005</string>
				<string>FEADE71F1A158F6400CCB005</string>
				<string>2FE648BA200E33C5567F6EA1</string>
			</array>
			<key>isa</key>
			<string>PBXGroup</string>
			<key>name</key>
			<string>Frameworks</string>
			<key>sourceTree</key>
			<string>&lt;group&gt;</string>
		</dict>
		<key>FEADE71D1A158F6400CCB005</key>
		<dict>
			<key>isa</key>
			<string>PBXFileReference</string>
			<key>lastKnownFileType</key>
			<string>wrapper.framework</string>
			<key>name</key>
			<string>Cocoa.framework</string>
			<key>path</key>
			<string>System/Library/Frameworks/Cocoa.framework</string>
			<key>sourceTree</key>
			<string>SDKROOT</string>
		</dict>
		<key>FEADE71E1A158F6400CCB005</key>
		<dict>
			<key>fileRef</key>
			<string>FEADE71D1A158F6400CCB005</string>
			<key>isa</key>
			<string>PBXBuildFile</string>
		</dict>
		<key>FEADE71F1A158F6400CCB005</key>
		<dict>
			<key>children</key>
			<array>
				<string>FEADE7201A158F6400CCB005</string>
				<string>FEADE7211A158F6400CCB005</string>
				<string>FEADE7221A158F6400CCB005</string>
			</array>
			<key>isa</key>
			<string>PBXGroup</string>
			<key>name</key>
			<string>Other Frameworks</string>
			<key>sourceTree</key>
			<string>&lt;group&gt;</string>
		</dict>
		<key>FEADE7201A158F6400CCB005</key>
		<dict>
			<key>isa</key>
			<string>PBXFileReference</string>
			<key>lastKnownFileType</key>
			<string>wrapper.framework</string>
			<key>name</key>
			<string>AppKit.framework</string>
			<key>path</key>
			<string>System/Library/Frameworks/AppKit.framework</string>
			<key>sourceTree</key>
			<string>SDKROOT</string>
		</dict>
		<key>FEADE7211A158F6400CCB005</key>
		<dict>
			<key>isa</key>
			<string>PBXFileReference</string>
			<key>lastKnownFileType</key>
			<string>wrapper.framework</string>
			<key>name</key>
			<string>CoreData.framework</string>
			<key>path</key>
			<string>System/Library/Frameworks/CoreData.framework</string>
			<key>sourceTree</key>
			<string>SDKROOT</string>
		</dict>
		<key>FEADE7221A158F6400CCB005</key>
		<dict>
			<key>isa</key>
			<string>PBXFileReference</string>
			<key>lastKnownFileType</key>
			<string>wrapper.framework</string>
			<key>name</key>
			<string>Foundation.framework</string>
			<key>path</key>
			<string>System/Library/Frameworks/Foundation.framework</string>
			<key>sourceTree</key>
			<string>SDKROOT</string>
		</dict>
		<key>FEADE7231A158F6400CCB005</key>
		<dict>
			<key>children</key>
			<array>
				<string>FA48B52D1A15C030008664E2</string>
				<string>FE3340001A15932800C5828A</string>
				<string>FE3340011A15933500C5828A</string>
				<string>FE3340031A15934900C5828A</string>
				<string>FEADE7351A158F6500CCB005</string>
				<string>FE3340021A15934200C5828A</string>
				<string>FEADE7241A158F6400CCB005</string>
				<string>FE33401F1A15AFE400C5828A</string>
				<string>FE3340201A15AFE400C5828A</string>
				<string>FE433E901A15DBC30003476A</string>
				<string>FE433E911A15DBC30003476A</string>
				<string>FE3340251A15B86500C5828A</string>
				<string>FE3340261A15B86500C5828A</string>
				<string>FEB517F71A15DD9C00E5120E</string>
				<string>FEB517F81A15DD9C00E5120E</string>
			</array>
			<key>isa</key>
			<string>PBXGroup</string>
			<key>path</key>
			<string>nyzr</string>
			<key>sourceTree</key>
			<string>&lt;group&gt;</string>
		</dict>
		<key>FEADE7241A158F6400CCB005</key>
		<dict>
			<key>children</key>
			<array>
				<string>FEADE7251A158F6400CCB005</string>
				<string>FEADE7261A158F6400CCB005</string>
				<string>FEADE7291A158F6400CCB005</string>
				<string>FEADE72B1A158F6400CCB005</string>
				<string>FEADE72C1A158F6400CCB005</string>
			</array>
			<key>isa</key>
			<string>PBXGroup</string>
			<key>name</key>
			<string>Supporting Files</string>
			<key>sourceTree</key>
			<string>&lt;group&gt;</string>
		</dict>
		<key>FEADE7251A158F6400CCB005</key>
		<dict>
			<key>isa</key>
			<string>PBXFileReference</string>
			<key>lastKnownFileType</key>
			<string>text.plist.xml</string>
			<key>path</key>
			<string>nyzr-Info.plist</string>
			<key>sourceTree</key>
			<string>&lt;group&gt;</string>
		</dict>
		<key>FEADE7261A158F6400CCB005</key>
		<dict>
			<key>children</key>
			<array>
				<string>FEADE7271A158F6400CCB005</string>
			</array>
			<key>isa</key>
			<string>PBXVariantGroup</string>
			<key>name</key>
			<string>InfoPlist.strings</string>
			<key>sourceTree</key>
			<string>&lt;group&gt;</string>
		</dict>
		<key>FEADE7271A158F6400CCB005</key>
		<dict>
			<key>isa</key>
			<string>PBXFileReference</string>
			<key>lastKnownFileType</key>
			<string>text.plist.strings</string>
			<key>name</key>
			<string>en</string>
			<key>path</key>
			<string>en.lproj/InfoPlist.strings</string>
			<key>sourceTree</key>
			<string>&lt;group&gt;</string>
		</dict>
		<key>FEADE7281A158F6400CCB005</key>
		<dict>
			<key>fileRef</key>
			<string>FEADE7261A158F6400CCB005</string>
			<key>isa</key>
			<string>PBXBuildFile</string>
		</dict>
		<key>FEADE7291A158F6400CCB005</key>
		<dict>
			<key>isa</key>
			<string>PBXFileReference</string>
			<key>lastKnownFileType</key>
			<string>sourcecode.c.objc</string>
			<key>path</key>
			<string>main.m</string>
			<key>sourceTree</key>
			<string>&lt;group&gt;</string>
		</dict>
		<key>FEADE72A1A158F6400CCB005</key>
		<dict>
			<key>fileRef</key>
			<string>FEADE7291A158F6400CCB005</string>
			<key>isa</key>
			<string>PBXBuildFile</string>
		</dict>
		<key>FEADE72B1A158F6400CCB005</key>
		<dict>
			<key>isa</key>
			<string>PBXFileReference</string>
			<key>lastKnownFileType</key>
			<string>sourcecode.c.h</string>
			<key>path</key>
			<string>nyzr-Prefix.pch</string>
			<key>sourceTree</key>
			<string>&lt;group&gt;</string>
		</dict>
		<key>FEADE72C1A158F6400CCB005</key>
		<dict>
			<key>children</key>
			<array>
				<string>FEADE72D1A158F6400CCB005</string>
			</array>
			<key>isa</key>
			<string>PBXVariantGroup</string>
			<key>name</key>
			<string>Credits.rtf</string>
			<key>sourceTree</key>
			<string>&lt;group&gt;</string>
		</dict>
		<key>FEADE72D1A158F6400CCB005</key>
		<dict>
			<key>isa</key>
			<string>PBXFileReference</string>
			<key>lastKnownFileType</key>
			<string>text.rtf</string>
			<key>name</key>
			<string>en</string>
			<key>path</key>
			<string>en.lproj/Credits.rtf</string>
			<key>sourceTree</key>
			<string>&lt;group&gt;</string>
		</dict>
		<key>FEADE72E1A158F6400CCB005</key>
		<dict>
			<key>fileRef</key>
			<string>FEADE72C1A158F6400CCB005</string>
			<key>isa</key>
			<string>PBXBuildFile</string>
		</dict>
		<key>FEADE72F1A158F6400CCB005</key>
		<dict>
			<key>isa</key>
			<string>PBXFileReference</string>
			<key>lastKnownFileType</key>
			<string>sourcecode.c.h</string>
			<key>path</key>
			<string>NRAppDelegate.h</string>
			<key>sourceTree</key>
			<string>&lt;group&gt;</string>
		</dict>
		<key>FEADE7301A158F6400CCB005</key>
		<dict>
			<key>isa</key>
			<string>PBXFileReference</string>
			<key>lastKnownFileType</key>
			<string>sourcecode.c.objc</string>
			<key>path</key>
			<string>NRAppDelegate.m</string>
			<key>sourceTree</key>
			<string>&lt;group&gt;</string>
		</dict>
		<key>FEADE7311A158F6400CCB005</key>
		<dict>
			<key>fileRef</key>
			<string>FEADE7301A158F6400CCB005</string>
			<key>isa</key>
			<string>PBXBuildFile</string>
		</dict>
		<key>FEADE7321A158F6500CCB005</key>
		<dict>
			<key>children</key>
			<array>
				<string>FEADE7331A158F6500CCB005</string>
			</array>
			<key>isa</key>
			<string>PBXVariantGroup</string>
			<key>name</key>
			<string>MainMenu.xib</string>
			<key>sourceTree</key>
			<string>&lt;group&gt;</string>
		</dict>
		<key>FEADE7331A158F6500CCB005</key>
		<dict>
			<key>isa</key>
			<string>PBXFileReference</string>
			<key>lastKnownFileType</key>
			<string>file.xib</string>
			<key>name</key>
			<string>Base</string>
			<key>path</key>
			<string>Base.lproj/MainMenu.xib</string>
			<key>sourceTree</key>
			<string>&lt;group&gt;</string>
		</dict>
		<key>FEADE7341A158F6500CCB005</key>
		<dict>
			<key>fileRef</key>
			<string>FEADE7321A158F6500CCB005</string>
			<key>isa</key>
			<string>PBXBuildFile</string>
		</dict>
		<key>FEADE7351A158F6500CCB005</key>
		<dict>
			<key>isa</key>
			<string>PBXFileReference</string>
			<key>lastKnownFileType</key>
			<string>folder.assetcatalog</string>
			<key>path</key>
			<string>Images.xcassets</string>
			<key>sourceTree</key>
			<string>&lt;group&gt;</string>
		</dict>
		<key>FEADE7361A158F6500CCB005</key>
		<dict>
			<key>fileRef</key>
			<string>FEADE7351A158F6500CCB005</string>
			<key>isa</key>
			<string>PBXBuildFile</string>
		</dict>
		<key>FEADE7371A158F6500CCB005</key>
		<dict>
			<key>buildActionMask</key>
			<string>2147483647</string>
			<key>files</key>
			<array>
				<string>FEADE7481A158F6500CCB005</string>
			</array>
			<key>isa</key>
			<string>PBXSourcesBuildPhase</string>
			<key>runOnlyForDeploymentPostprocessing</key>
			<string>0</string>
		</dict>
		<key>FEADE7381A158F6500CCB005</key>
		<dict>
			<key>buildActionMask</key>
			<string>2147483647</string>
			<key>files</key>
			<array>
				<string>FEADE73E1A158F6500CCB005</string>
				<string>FEADE73D1A158F6500CCB005</string>
			</array>
			<key>isa</key>
			<string>PBXFrameworksBuildPhase</string>
			<key>runOnlyForDeploymentPostprocessing</key>
			<string>0</string>
		</dict>
		<key>FEADE7391A158F6500CCB005</key>
		<dict>
			<key>buildActionMask</key>
			<string>2147483647</string>
			<key>files</key>
			<array>
				<string>FEADE7461A158F6500CCB005</string>
			</array>
			<key>isa</key>
			<string>PBXResourcesBuildPhase</string>
			<key>runOnlyForDeploymentPostprocessing</key>
			<string>0</string>
		</dict>
		<key>FEADE73A1A158F6500CCB005</key>
		<dict>
			<key>buildConfigurationList</key>
			<string>FEADE74E1A158F6500CCB005</string>
			<key>buildPhases</key>
			<array>
				<string>FEADE7371A158F6500CCB005</string>
				<string>FEADE7381A158F6500CCB005</string>
				<string>FEADE7391A158F6500CCB005</string>
			</array>
			<key>buildRules</key>
			<array/>
			<key>dependencies</key>
			<array>
				<string>FEADE7401A158F6500CCB005</string>
			</array>
			<key>isa</key>
			<string>PBXNativeTarget</string>
			<key>name</key>
			<string>nyzrTests</string>
			<key>productName</key>
			<string>nyzrTests</string>
			<key>productReference</key>
			<string>FEADE73B1A158F6500CCB005</string>
			<key>productType</key>
			<string>com.apple.product-type.bundle.unit-test</string>
		</dict>
		<key>FEADE73B1A158F6500CCB005</key>
		<dict>
			<key>explicitFileType</key>
			<string>wrapper.cfbundle</string>
			<key>includeInIndex</key>
			<string>0</string>
			<key>isa</key>
			<string>PBXFileReference</string>
			<key>path</key>
			<string>nyzrTests.xctest</string>
			<key>sourceTree</key>
			<string>BUILT_PRODUCTS_DIR</string>
		</dict>
		<key>FEADE73C1A158F6500CCB005</key>
		<dict>
			<key>isa</key>
			<string>PBXFileReference</string>
			<key>lastKnownFileType</key>
			<string>wrapper.framework</string>
			<key>name</key>
			<string>XCTest.framework</string>
			<key>path</key>
			<string>Library/Frameworks/XCTest.framework</string>
			<key>sourceTree</key>
			<string>DEVELOPER_DIR</string>
		</dict>
		<key>FEADE73D1A158F6500CCB005</key>
		<dict>
			<key>fileRef</key>
			<string>FEADE73C1A158F6500CCB005</string>
			<key>isa</key>
			<string>PBXBuildFile</string>
		</dict>
		<key>FEADE73E1A158F6500CCB005</key>
		<dict>
			<key>fileRef</key>
			<string>FEADE71D1A158F6400CCB005</string>
			<key>isa</key>
			<string>PBXBuildFile</string>
		</dict>
		<key>FEADE73F1A158F6500CCB005</key>
		<dict>
			<key>containerPortal</key>
			<string>FEADE7121A158F6400CCB005</string>
			<key>isa</key>
			<string>PBXContainerItemProxy</string>
			<key>proxyType</key>
			<string>1</string>
			<key>remoteGlobalIDString</key>
			<string>FEADE7191A158F6400CCB005</string>
			<key>remoteInfo</key>
			<string>nyzr</string>
		</dict>
		<key>FEADE7401A158F6500CCB005</key>
		<dict>
			<key>isa</key>
			<string>PBXTargetDependency</string>
			<key>target</key>
			<string>FEADE7191A158F6400CCB005</string>
			<key>targetProxy</key>
			<string>FEADE73F1A158F6500CCB005</string>
		</dict>
		<key>FEADE7411A158F6500CCB005</key>
		<dict>
			<key>children</key>
			<array>
				<string>FEADE7471A158F6500CCB005</string>
				<string>FEADE7421A158F6500CCB005</string>
			</array>
			<key>isa</key>
			<string>PBXGroup</string>
			<key>path</key>
			<string>nyzrTests</string>
			<key>sourceTree</key>
			<string>&lt;group&gt;</string>
		</dict>
		<key>FEADE7421A158F6500CCB005</key>
		<dict>
			<key>children</key>
			<array>
				<string>FEADE7431A158F6500CCB005</string>
				<string>FEADE7441A158F6500CCB005</string>
			</array>
			<key>isa</key>
			<string>PBXGroup</string>
			<key>name</key>
			<string>Supporting Files</string>
			<key>sourceTree</key>
			<string>&lt;group&gt;</string>
		</dict>
		<key>FEADE7431A158F6500CCB005</key>
		<dict>
			<key>isa</key>
			<string>PBXFileReference</string>
			<key>lastKnownFileType</key>
			<string>text.plist.xml</string>
			<key>path</key>
			<string>nyzrTests-Info.plist</string>
			<key>sourceTree</key>
			<string>&lt;group&gt;</string>
		</dict>
		<key>FEADE7441A158F6500CCB005</key>
		<dict>
			<key>children</key>
			<array>
				<string>FEADE7451A158F6500CCB005</string>
			</array>
			<key>isa</key>
			<string>PBXVariantGroup</string>
			<key>name</key>
			<string>InfoPlist.strings</string>
			<key>sourceTree</key>
			<string>&lt;group&gt;</string>
		</dict>
		<key>FEADE7451A158F6500CCB005</key>
		<dict>
			<key>isa</key>
			<string>PBXFileReference</string>
			<key>lastKnownFileType</key>
			<string>text.plist.strings</string>
			<key>name</key>
			<string>en</string>
			<key>path</key>
			<string>en.lproj/InfoPlist.strings</string>
			<key>sourceTree</key>
			<string>&lt;group&gt;</string>
		</dict>
		<key>FEADE7461A158F6500CCB005</key>
		<dict>
			<key>fileRef</key>
			<string>FEADE7441A158F6500CCB005</string>
			<key>isa</key>
			<string>PBXBuildFile</string>
		</dict>
		<key>FEADE7471A158F6500CCB005</key>
		<dict>
			<key>isa</key>
			<string>PBXFileReference</string>
			<key>lastKnownFileType</key>
			<string>sourcecode.c.objc</string>
			<key>path</key>
			<string>nyzrTests.m</string>
			<key>sourceTree</key>
			<string>&lt;group&gt;</string>
		</dict>
		<key>FEADE7481A158F6500CCB005</key>
		<dict>
			<key>fileRef</key>
			<string>FEADE7471A158F6500CCB005</string>
			<key>isa</key>
			<string>PBXBuildFile</string>
		</dict>
		<key>FEADE7491A158F6500CCB005</key>
		<dict>
			<key>buildSettings</key>
			<dict>
				<key>ALWAYS_SEARCH_USER_PATHS</key>
				<string>NO</string>
				<key>CLANG_CXX_LANGUAGE_STANDARD</key>
				<string>gnu++0x</string>
				<key>CLANG_CXX_LIBRARY</key>
				<string>libc++</string>
				<key>CLANG_ENABLE_MODULES</key>
				<string>YES</string>
				<key>CLANG_ENABLE_OBJC_ARC</key>
				<string>YES</string>
				<key>CLANG_WARN_BOOL_CONVERSION</key>
				<string>YES</string>
				<key>CLANG_WARN_CONSTANT_CONVERSION</key>
				<string>YES</string>
				<key>CLANG_WARN_DIRECT_OBJC_ISA_USAGE</key>
				<string>YES_ERROR</string>
				<key>CLANG_WARN_EMPTY_BODY</key>
				<string>YES</string>
				<key>CLANG_WARN_ENUM_CONVERSION</key>
				<string>YES</string>
				<key>CLANG_WARN_INT_CONVERSION</key>
				<string>YES</string>
				<key>CLANG_WARN_OBJC_ROOT_CLASS</key>
				<string>YES_ERROR</string>
				<key>CLANG_WARN__DUPLICATE_METHOD_MATCH</key>
				<string>YES</string>
				<key>COPY_PHASE_STRIP</key>
				<string>NO</string>
				<key>GCC_C_LANGUAGE_STANDARD</key>
				<string>gnu99</string>
				<key>GCC_DYNAMIC_NO_PIC</key>
				<string>NO</string>
				<key>GCC_ENABLE_OBJC_EXCEPTIONS</key>
				<string>YES</string>
				<key>GCC_OPTIMIZATION_LEVEL</key>
				<string>0</string>
				<key>GCC_PREPROCESSOR_DEFINITIONS</key>
				<array>
					<string>DEBUG=1</string>
					<string>$(inherited)</string>
				</array>
				<key>GCC_SYMBOLS_PRIVATE_EXTERN</key>
				<string>NO</string>
				<key>GCC_WARN_64_TO_32_BIT_CONVERSION</key>
				<string>YES</string>
				<key>GCC_WARN_ABOUT_RETURN_TYPE</key>
				<string>YES_ERROR</string>
				<key>GCC_WARN_UNDECLARED_SELECTOR</key>
				<string>YES</string>
				<key>GCC_WARN_UNINITIALIZED_AUTOS</key>
				<string>YES_AGGRESSIVE</string>
				<key>GCC_WARN_UNUSED_FUNCTION</key>
				<string>YES</string>
				<key>GCC_WARN_UNUSED_VARIABLE</key>
				<string>YES</string>
				<key>MACOSX_DEPLOYMENT_TARGET</key>
				<string>10.9</string>
				<key>ONLY_ACTIVE_ARCH</key>
				<string>YES</string>
				<key>SDKROOT</key>
				<string>macosx</string>
			</dict>
			<key>isa</key>
			<string>XCBuildConfiguration</string>
			<key>name</key>
			<string>Debug</string>
		</dict>
		<key>FEADE74A1A158F6500CCB005</key>
		<dict>
			<key>buildSettings</key>
			<dict>
				<key>ALWAYS_SEARCH_USER_PATHS</key>
				<string>NO</string>
				<key>CLANG_CXX_LANGUAGE_STANDARD</key>
				<string>gnu++0x</string>
				<key>CLANG_CXX_LIBRARY</key>
				<string>libc++</string>
				<key>CLANG_ENABLE_MODULES</key>
				<string>YES</string>
				<key>CLANG_ENABLE_OBJC_ARC</key>
				<string>YES</string>
				<key>CLANG_WARN_BOOL_CONVERSION</key>
				<string>YES</string>
				<key>CLANG_WARN_CONSTANT_CONVERSION</key>
				<string>YES</string>
				<key>CLANG_WARN_DIRECT_OBJC_ISA_USAGE</key>
				<string>YES_ERROR</string>
				<key>CLANG_WARN_EMPTY_BODY</key>
				<string>YES</string>
				<key>CLANG_WARN_ENUM_CONVERSION</key>
				<string>YES</string>
				<key>CLANG_WARN_INT_CONVERSION</key>
				<string>YES</string>
				<key>CLANG_WARN_OBJC_ROOT_CLASS</key>
				<string>YES_ERROR</string>
				<key>CLANG_WARN__DUPLICATE_METHOD_MATCH</key>
				<string>YES</string>
				<key>COPY_PHASE_STRIP</key>
				<string>YES</string>
				<key>DEBUG_INFORMATION_FORMAT</key>
				<string>dwarf-with-dsym</string>
				<key>ENABLE_NS_ASSERTIONS</key>
				<string>NO</string>
				<key>GCC_C_LANGUAGE_STANDARD</key>
				<string>gnu99</string>
				<key>GCC_ENABLE_OBJC_EXCEPTIONS</key>
				<string>YES</string>
				<key>GCC_WARN_64_TO_32_BIT_CONVERSION</key>
				<string>YES</string>
				<key>GCC_WARN_ABOUT_RETURN_TYPE</key>
				<string>YES_ERROR</string>
				<key>GCC_WARN_UNDECLARED_SELECTOR</key>
				<string>YES</string>
				<key>GCC_WARN_UNINITIALIZED_AUTOS</key>
				<string>YES_AGGRESSIVE</string>
				<key>GCC_WARN_UNUSED_FUNCTION</key>
				<string>YES</string>
				<key>GCC_WARN_UNUSED_VARIABLE</key>
				<string>YES</string>
				<key>MACOSX_DEPLOYMENT_TARGET</key>
				<string>10.9</string>
				<key>SDKROOT</key>
				<string>macosx</string>
			</dict>
			<key>isa</key>
			<string>XCBuildConfiguration</string>
			<key>name</key>
			<string>Release</string>
		</dict>
		<key>FEADE74B1A158F6500CCB005</key>
		<dict>
			<key>buildConfigurations</key>
			<array>
				<string>FEADE74C1A158F6500CCB005</string>
				<string>FEADE74D1A158F6500CCB005</string>
			</array>
			<key>defaultConfigurationIsVisible</key>
			<string>0</string>
			<key>defaultConfigurationName</key>
			<string>Release</string>
			<key>isa</key>
			<string>XCConfigurationList</string>
		</dict>
		<key>FEADE74C1A158F6500CCB005</key>
		<dict>
			<key>baseConfigurationReference</key>
			<string>970151C5E914024025A3982A</string>
			<key>buildSettings</key>
			<dict>
				<key>ASSETCATALOG_COMPILER_APPICON_NAME</key>
				<string>AppIcon</string>
				<key>COMBINE_HIDPI_IMAGES</key>
				<string>YES</string>
				<key>FRAMEWORK_SEARCH_PATHS</key>
				<array>
					<string>$(inherited)</string>
					<string>$(PROJECT_DIR)</string>
				</array>
				<key>GCC_PRECOMPILE_PREFIX_HEADER</key>
				<string>YES</string>
				<key>GCC_PREFIX_HEADER</key>
				<string>nyzr/nyzr-Prefix.pch</string>
				<key>INFOPLIST_FILE</key>
				<string>nyzr/nyzr-Info.plist</string>
				<key>PRODUCT_NAME</key>
				<string>$(TARGET_NAME)</string>
				<key>SDKROOT</key>
				<string>macosx10.9</string>
				<key>WRAPPER_EXTENSION</key>
				<string>app</string>
			</dict>
			<key>isa</key>
			<string>XCBuildConfiguration</string>
			<key>name</key>
			<string>Debug</string>
		</dict>
		<key>FEADE74D1A158F6500CCB005</key>
		<dict>
			<key>baseConfigurationReference</key>
			<string>34E4F42F5A03A40E20F77F25</string>
			<key>buildSettings</key>
			<dict>
				<key>ASSETCATALOG_COMPILER_APPICON_NAME</key>
				<string>AppIcon</string>
				<key>COMBINE_HIDPI_IMAGES</key>
				<string>YES</string>
				<key>FRAMEWORK_SEARCH_PATHS</key>
				<array>
					<string>$(inherited)</string>
					<string>$(PROJECT_DIR)</string>
				</array>
				<key>GCC_PRECOMPILE_PREFIX_HEADER</key>
				<string>YES</string>
				<key>GCC_PREFIX_HEADER</key>
				<string>nyzr/nyzr-Prefix.pch</string>
				<key>INFOPLIST_FILE</key>
				<string>nyzr/nyzr-Info.plist</string>
				<key>PRODUCT_NAME</key>
				<string>$(TARGET_NAME)</string>
				<key>SDKROOT</key>
				<string>macosx10.9</string>
				<key>WRAPPER_EXTENSION</key>
				<string>app</string>
			</dict>
			<key>isa</key>
			<string>XCBuildConfiguration</string>
			<key>name</key>
			<string>Release</string>
		</dict>
		<key>FEADE74E1A158F6500CCB005</key>
		<dict>
			<key>buildConfigurations</key>
			<array>
				<string>FEADE74F1A158F6500CCB005</string>
				<string>FEADE7501A158F6500CCB005</string>
			</array>
			<key>defaultConfigurationIsVisible</key>
			<string>0</string>
			<key>defaultConfigurationName</key>
			<string>Release</string>
			<key>isa</key>
			<string>XCConfigurationList</string>
		</dict>
		<key>FEADE74F1A158F6500CCB005</key>
		<dict>
			<key>buildSettings</key>
			<dict>
				<key>BUNDLE_LOADER</key>
				<string>$(BUILT_PRODUCTS_DIR)/nyzr.app/Contents/MacOS/nyzr</string>
				<key>COMBINE_HIDPI_IMAGES</key>
				<string>YES</string>
				<key>FRAMEWORK_SEARCH_PATHS</key>
				<array>
					<string>$(DEVELOPER_FRAMEWORKS_DIR)</string>
					<string>$(inherited)</string>
				</array>
				<key>GCC_PRECOMPILE_PREFIX_HEADER</key>
				<string>YES</string>
				<key>GCC_PREFIX_HEADER</key>
				<string>nyzr/nyzr-Prefix.pch</string>
				<key>GCC_PREPROCESSOR_DEFINITIONS</key>
				<array>
					<string>DEBUG=1</string>
					<string>$(inherited)</string>
				</array>
				<key>INFOPLIST_FILE</key>
				<string>nyzrTests/nyzrTests-Info.plist</string>
				<key>PRODUCT_NAME</key>
				<string>$(TARGET_NAME)</string>
				<key>TEST_HOST</key>
				<string>$(BUNDLE_LOADER)</string>
				<key>WRAPPER_EXTENSION</key>
				<string>xctest</string>
			</dict>
			<key>isa</key>
			<string>XCBuildConfiguration</string>
			<key>name</key>
			<string>Debug</string>
		</dict>
		<key>FEADE7501A158F6500CCB005</key>
		<dict>
			<key>buildSettings</key>
			<dict>
				<key>BUNDLE_LOADER</key>
				<string>$(BUILT_PRODUCTS_DIR)/nyzr.app/Contents/MacOS/nyzr</string>
				<key>COMBINE_HIDPI_IMAGES</key>
				<string>YES</string>
				<key>FRAMEWORK_SEARCH_PATHS</key>
				<array>
					<string>$(DEVELOPER_FRAMEWORKS_DIR)</string>
					<string>$(inherited)</string>
				</array>
				<key>GCC_PRECOMPILE_PREFIX_HEADER</key>
				<string>YES</string>
				<key>GCC_PREFIX_HEADER</key>
				<string>nyzr/nyzr-Prefix.pch</string>
				<key>INFOPLIST_FILE</key>
				<string>nyzrTests/nyzrTests-Info.plist</string>
				<key>PRODUCT_NAME</key>
				<string>$(TARGET_NAME)</string>
				<key>TEST_HOST</key>
				<string>$(BUNDLE_LOADER)</string>
				<key>WRAPPER_EXTENSION</key>
				<string>xctest</string>
			</dict>
			<key>isa</key>
			<string>XCBuildConfiguration</string>
			<key>name</key>
			<string>Release</string>
		</dict>
		<key>FEB517F71A15DD9C00E5120E</key>
		<dict>
			<key>fileEncoding</key>
			<string>4</string>
			<key>isa</key>
			<string>PBXFileReference</string>
			<key>lastKnownFileType</key>
			<string>sourcecode.c.h</string>
			<key>path</key>
			<string>NRConstants.h</string>
			<key>sourceTree</key>
			<string>&lt;group&gt;</string>
		</dict>
		<key>FEB517F81A15DD9C00E5120E</key>
		<dict>
			<key>fileEncoding</key>
			<string>4</string>
			<key>isa</key>
			<string>PBXFileReference</string>
			<key>lastKnownFileType</key>
			<string>sourcecode.c.objc</string>
			<key>path</key>
			<string>NRConstants.m</string>
			<key>sourceTree</key>
			<string>&lt;group&gt;</string>
		</dict>
		<key>FEB517F91A15DD9C00E5120E</key>
		<dict>
			<key>fileRef</key>
			<string>FEB517F81A15DD9C00E5120E</string>
			<key>isa</key>
			<string>PBXBuildFile</string>
		</dict>
	</dict>
	<key>rootObject</key>
	<string>FEADE7121A158F6400CCB005</string>
</dict>
</plist>
